
Microsoft Visual Studio Solution File, Format Version 12.00
# Visual Studio 15
VisualStudioVersion = 15.0.28010.2036
MinimumVisualStudioVersion = 10.0.40219.1
Project("{FAE04EC0-301F-11D3-BF4B-00C04F79EFBC}") = "Folkefinans.StockProductivity", "Folkefinans.StockProductivity\Folkefinans.StockProductivity.csproj", "{F4AEB8B6-F087-4CC8-8D1C-95B645DDF154}"
EndProject
Project("{FAE04EC0-301F-11D3-BF4B-00C04F79EFBC}") = "Folkefinans.StockProductivity.Tests", "Folkefinans.StockProductivity.Tests\Folkefinans.StockProductivity.Tests.csproj", "{99E6683B-4752-413E-B20C-BBE3EF0ABF7E}"
EndProject
Global
	GlobalSection(SolutionConfigurationPlatforms) = preSolution
		Debug|Any CPU = Debug|Any CPU
		Release|Any CPU = Release|Any CPU
	EndGlobalSection
	GlobalSection(ProjectConfigurationPlatforms) = postSolution
		{F4AEB8B6-F087-4CC8-8D1C-95B645DDF154}.Debug|Any CPU.ActiveCfg = Debug|Any CPU
		{F4AEB8B6-F087-4CC8-8D1C-95B645DDF154}.Debug|Any CPU.Build.0 = Debug|Any CPU
		{F4AEB8B6-F087-4CC8-8D1C-95B645DDF154}.Release|Any CPU.ActiveCfg = Release|Any CPU
		{F4AEB8B6-F087-4CC8-8D1C-95B645DDF154}.Release|Any CPU.Build.0 = Release|Any CPU
		{99E6683B-4752-413E-B20C-BBE3EF0ABF7E}.Debug|Any CPU.ActiveCfg = Debug|Any CPU
		{99E6683B-4752-413E-B20C-BBE3EF0ABF7E}.Debug|Any CPU.Build.0 = Debug|Any CPU
		{99E6683B-4752-413E-B20C-BBE3EF0ABF7E}.Release|Any CPU.ActiveCfg = Release|Any CPU
		{99E6683B-4752-413E-B20C-BBE3EF0ABF7E}.Release|Any CPU.Build.0 = Release|Any CPU
	EndGlobalSection
	GlobalSection(SolutionProperties) = preSolution
		HideSolutionNode = FALSE
	EndGlobalSection
	GlobalSection(ExtensibilityGlobals) = postSolution
		SolutionGuid = {15BA8F74-FE5D-4219-BDD9-F131660AE87F}
	EndGlobalSection
EndGlobal
